
Microsoft Visual Studio Solution File, Format Version 12.00
# Visual Studio Version 17
VisualStudioVersion = 17.8.34330.188
MinimumVisualStudioVersion = 10.0.40219.1
Project("{FAE04EC0-301F-11D3-BF4B-00C04F79EFBC}") = "MENU_FALLOUT4", "MENU_FALLOUT4\MENU_FALLOUT4.csproj", "{F82DFE25-B286-4CF6-91B4-894C5975636D}"
EndProject
Global
	GlobalSection(SolutionConfigurationPlatforms) = preSolution
		Debug|Any CPU = Debug|Any CPU
		Release|Any CPU = Release|Any CPU
	EndGlobalSection
	GlobalSection(ProjectConfigurationPlatforms) = postSolution
		{F82DFE25-B286-4CF6-91B4-894C5975636D}.Debug|Any CPU.ActiveCfg = Debug|Any CPU
		{F82DFE25-B286-4CF6-91B4-894C5975636D}.Debug|Any CPU.Build.0 = Debug|Any CPU
		{F82DFE25-B286-4CF6-91B4-894C5975636D}.Release|Any CPU.ActiveCfg = Release|Any CPU
		{F82DFE25-B286-4CF6-91B4-894C5975636D}.Release|Any CPU.Build.0 = Release|Any CPU
	EndGlobalSection
	GlobalSection(SolutionProperties) = preSolution
		HideSolutionNode = FALSE
	EndGlobalSection
	GlobalSection(ExtensibilityGlobals) = postSolution
		SolutionGuid = {A859A5AB-F00E-49E0-89B3-75E35B4C27C1}
	EndGlobalSection
EndGlobal
