
Microsoft Visual Studio Solution File, Format Version 12.00
# Visual Studio Version 17
VisualStudioVersion = 17.8.34330.188
MinimumVisualStudioVersion = 10.0.40219.1
Project("{FAE04EC0-301F-11D3-BF4B-00C04F79EFBC}") = "WindowsFormsApp2", "WindowsFormsApp2\WindowsFormsApp2.csproj", "{A999671E-848E-4D66-95D3-C7DD8EF795E0}"
EndProject
Global
	GlobalSection(SolutionConfigurationPlatforms) = preSolution
		Debug|Any CPU = Debug|Any CPU
		Release|Any CPU = Release|Any CPU
	EndGlobalSection
	GlobalSection(ProjectConfigurationPlatforms) = postSolution
		{A999671E-848E-4D66-95D3-C7DD8EF795E0}.Debug|Any CPU.ActiveCfg = Debug|Any CPU
		{A999671E-848E-4D66-95D3-C7DD8EF795E0}.Debug|Any CPU.Build.0 = Debug|Any CPU
		{A999671E-848E-4D66-95D3-C7DD8EF795E0}.Release|Any CPU.ActiveCfg = Release|Any CPU
		{A999671E-848E-4D66-95D3-C7DD8EF795E0}.Release|Any CPU.Build.0 = Release|Any CPU
	EndGlobalSection
	GlobalSection(SolutionProperties) = preSolution
		HideSolutionNode = FALSE
	EndGlobalSection
	GlobalSection(ExtensibilityGlobals) = postSolution
		SolutionGuid = {FCA0E98E-5A19-43F7-B2CD-341897CAFF28}
	EndGlobalSection
EndGlobal
