
Microsoft Visual Studio Solution File, Format Version 12.00
# Visual Studio Version 17
VisualStudioVersion = 17.8.34408.163
MinimumVisualStudioVersion = 10.0.40219.1
Project("{FAE04EC0-301F-11D3-BF4B-00C04F79EFBC}") = "WindowsFormsApp7", "WindowsFormsApp7\WindowsFormsApp7.csproj", "{C08BFFBE-F367-4B97-89C0-1A57403DCB6F}"
EndProject
Global
	GlobalSection(SolutionConfigurationPlatforms) = preSolution
		Debug|Any CPU = Debug|Any CPU
		Release|Any CPU = Release|Any CPU
	EndGlobalSection
	GlobalSection(ProjectConfigurationPlatforms) = postSolution
		{C08BFFBE-F367-4B97-89C0-1A57403DCB6F}.Debug|Any CPU.ActiveCfg = Debug|Any CPU
		{C08BFFBE-F367-4B97-89C0-1A57403DCB6F}.Debug|Any CPU.Build.0 = Debug|Any CPU
		{C08BFFBE-F367-4B97-89C0-1A57403DCB6F}.Release|Any CPU.ActiveCfg = Release|Any CPU
		{C08BFFBE-F367-4B97-89C0-1A57403DCB6F}.Release|Any CPU.Build.0 = Release|Any CPU
	EndGlobalSection
	GlobalSection(SolutionProperties) = preSolution
		HideSolutionNode = FALSE
	EndGlobalSection
	GlobalSection(ExtensibilityGlobals) = postSolution
		SolutionGuid = {DF2C9257-F317-45DF-8DD7-D1BE84E27968}
	EndGlobalSection
EndGlobal
