
Microsoft Visual Studio Solution File, Format Version 12.00
# Visual Studio Version 17
VisualStudioVersion = 17.8.34330.188
MinimumVisualStudioVersion = 10.0.40219.1
Project("{FAE04EC0-301F-11D3-BF4B-00C04F79EFBC}") = "Laba#2", "Laba#2\Laba#2.csproj", "{DA9EC847-FCB6-490C-BAA5-B1A63317726F}"
EndProject
Global
	GlobalSection(SolutionConfigurationPlatforms) = preSolution
		Debug|Any CPU = Debug|Any CPU
		Release|Any CPU = Release|Any CPU
	EndGlobalSection
	GlobalSection(ProjectConfigurationPlatforms) = postSolution
		{DA9EC847-FCB6-490C-BAA5-B1A63317726F}.Debug|Any CPU.ActiveCfg = Debug|Any CPU
		{DA9EC847-FCB6-490C-BAA5-B1A63317726F}.Debug|Any CPU.Build.0 = Debug|Any CPU
		{DA9EC847-FCB6-490C-BAA5-B1A63317726F}.Release|Any CPU.ActiveCfg = Release|Any CPU
		{DA9EC847-FCB6-490C-BAA5-B1A63317726F}.Release|Any CPU.Build.0 = Release|Any CPU
	EndGlobalSection
	GlobalSection(SolutionProperties) = preSolution
		HideSolutionNode = FALSE
	EndGlobalSection
	GlobalSection(ExtensibilityGlobals) = postSolution
		SolutionGuid = {4A9F9E84-E6E0-467A-8990-80F2A8B6DB77}
	EndGlobalSection
EndGlobal
